# THIS IS AN AUTOGENERATED FILE. DO NOT EDIT THIS FILE DIRECTLY.
# yarn lockfile v1


"@ckb-lumos/base@^0.16.0":
  version "0.16.0"
  resolved "https://registry.yarnpkg.com/@ckb-lumos/base/-/base-0.16.0.tgz#e235bf39840bdc08e29e2ccb875d7761c9cde7bf"
  integrity sha512-tJMOh+xkY/mTCe5lTchweeHg33+dmeiBhgOW8zHAwalZTrHutduL7N0dPSjrYpjP/Midi9LF7g80wEjj9cTM4A==
  dependencies:
    blake2b "^2.1.3"
    ckb-js-toolkit "^0.10.2"
    immutable "^4.0.0-rc.12"
    js-xxhash "^1.0.4"

"@ckb-lumos/config-manager@^0.16.0":
  version "0.16.0"
  resolved "https://registry.yarnpkg.com/@ckb-lumos/config-manager/-/config-manager-0.16.0.tgz#ddff6bf76f9f7b50f5005f8f45120cffc40f1e3e"
  integrity sha512-NoctI6I1/SsVxzuwIbl4Qy4CCtmGPQxxTQr53zI5Jo3UAngrlVpj+fDWOjhAcR8r1U7IZRttJmNeye06JU6I/w==
  dependencies:
    deep-freeze-strict "^1.1.1"

"@ckb-lumos/hd@^0.16.0":
  version "0.16.0"
  resolved "https://registry.yarnpkg.com/@ckb-lumos/hd/-/hd-0.16.0.tgz#f72c7c0f183a9e9b9491fd579bda47e158197bd0"
  integrity sha512-tlBtbj6sg1Yb6y7bdJ1Z7IECPRBN8SFrSCOwh0sMPz1ITk3MGir7ezRxPOHyMJTB2BD4XvvbKJZTJ63S1/tYeQ==
  dependencies:
    "@ckb-lumos/base" "^0.16.0"
    bn.js "^5.1.3"
    elliptic "^6.5.3"
    sha3 "^2.1.3"
    uuid "^8.3.0"

"@ckb-lumos/helpers@^0.16.0":
  version "0.16.0"
  resolved "https://registry.yarnpkg.com/@ckb-lumos/helpers/-/helpers-0.16.0.tgz#044e5581ae1e45244881dd011791622135c28374"
  integrity sha512-FYNQTHEfkjHmwXetznWrkodXrBAo+Thqp7G4wMU9RkipAUHUxUxBF93+lhKprSUR1jfEmZrIsjikYvLGYGgiFQ==
  dependencies:
    "@ckb-lumos/base" "^0.16.0"
    "@ckb-lumos/config-manager" "^0.16.0"
    bech32 "^1.1.4"
    ckb-js-toolkit "^0.10.2"
    immutable "^4.0.0-rc.12"

base64-js@^1.0.2:
  version "1.5.1"
  resolved "https://registry.yarnpkg.com/base64-js/-/base64-js-1.5.1.tgz#1b1b440160a5bf7ad40b650f095963481903930a"
  integrity sha512-AKpaYlHn8t4SVbOHCy+b5+KKgvR4vrsD8vbvrbiQJps7fKDTkjkDry6ji0rUJjC0kzbNePLwzxq8iypo41qeWA==

bech32@^1.1.4:
  version "1.1.4"
  resolved "https://registry.yarnpkg.com/bech32/-/bech32-1.1.4.tgz#e38c9f37bf179b8eb16ae3a772b40c356d4832e9"
  integrity sha512-s0IrSOzLlbvX7yp4WBfPITzpAU8sqQcpsmwXDiKwrG4r491vwCO/XpejasRNl0piBMe/DvP4Tz0mIS/X1DPJBQ==

blake2b-wasm@^1.1.0:
  version "1.1.7"
  resolved "https://registry.yarnpkg.com/blake2b-wasm/-/blake2b-wasm-1.1.7.tgz#e4d075da10068e5d4c3ec1fb9accc4d186c55d81"
  integrity sha512-oFIHvXhlz/DUgF0kq5B1CqxIDjIJwh9iDeUUGQUcvgiGz7Wdw03McEO7CfLBy7QKGdsydcMCgO9jFNBAFCtFcA==
  dependencies:
    nanoassert "^1.0.0"

blake2b@^2.1.3:
  version "2.1.3"
  resolved "https://registry.yarnpkg.com/blake2b/-/blake2b-2.1.3.tgz#f5388be424768e7c6327025dad0c3c6d83351bca"
  integrity sha512-pkDss4xFVbMb4270aCyGD3qLv92314Et+FsKzilCLxDz5DuZ2/1g3w4nmBbu6nKApPspnjG7JcwTjGZnduB1yg==
  dependencies:
    blake2b-wasm "^1.1.0"
    nanoassert "^1.0.0"

bn.js@^4.4.0:
  version "4.11.9"
  resolved "https://registry.yarnpkg.com/bn.js/-/bn.js-4.11.9.tgz#26d556829458f9d1e81fc48952493d0ba3507828"
  integrity sha512-E6QoYqCKZfgatHTdHzs1RRKP7ip4vvm+EyRUeE2RF0NblwVvb0p6jSVeNTOFxPn26QXN2o6SMfNxKp6kU8zQaw==

bn.js@^5.1.3:
  version "5.1.3"
  resolved "https://registry.yarnpkg.com/bn.js/-/bn.js-5.1.3.tgz#beca005408f642ebebea80b042b4d18d2ac0ee6b"
  integrity sha512-GkTiFpjFtUzU9CbMeJ5iazkCzGL3jrhzerzZIuqLABjbwRaFt33I9tUdSNryIptM+RxDet6OKm2WnLXzW51KsQ==

brorand@^1.0.1:
  version "1.1.0"
  resolved "https://registry.yarnpkg.com/brorand/-/brorand-1.1.0.tgz#12c25efe40a45e3c323eb8675a0a0ce57b22371f"
  integrity sha1-EsJe/kCkXjwyPrhnWgoM5XsiNx8=

buffer@5.6.0:
  version "5.6.0"
  resolved "https://registry.yarnpkg.com/buffer/-/buffer-5.6.0.tgz#a31749dc7d81d84db08abf937b6b8c4033f62786"
  integrity sha512-/gDYp/UtU0eA1ys8bOs9J6a+E/KWIY+DZ+Q2WESNUA0jFRsJOc0SNUO6xJ5SGA1xueg3NL65W6s+NY5l9cunuw==
  dependencies:
    base64-js "^1.0.2"
    ieee754 "^1.1.4"

ckb-js-toolkit@^0.10.2:
  version "0.10.2"
  resolved "https://registry.yarnpkg.com/ckb-js-toolkit/-/ckb-js-toolkit-0.10.2.tgz#d616eaef315babe797ea9ee7a271c51f82fe5a80"
  integrity sha512-hVfIH5OBYibAssTag68zVhuUdqB4Iu3EqbCJrOsePpW+TryvqdmvGca2RQyGm0h6fhVK6RuNuKQ8rSdq/cjgUg==
  dependencies:
    cross-fetch "^3.0.6"
    jsbi "^3.1.2"

cross-fetch@^3.0.6:
  version "3.0.6"
  resolved "https://registry.yarnpkg.com/cross-fetch/-/cross-fetch-3.0.6.tgz#3a4040bc8941e653e0e9cf17f29ebcd177d3365c"
  integrity sha512-KBPUbqgFjzWlVcURG+Svp9TlhA5uliYtiNx/0r8nv0pdypeQCRJ9IaSIc3q/x3q8t3F75cHuwxVql1HFGHCNJQ==
  dependencies:
    node-fetch "2.6.1"

deep-freeze-strict@^1.1.1:
  version "1.1.1"
  resolved "https://registry.yarnpkg.com/deep-freeze-strict/-/deep-freeze-strict-1.1.1.tgz#77d0583ca24a69be4bbd9ac2fae415d55523e5b0"
  integrity sha1-d9BYPKJKab5LvZrC+uQV1VUj5bA=

elliptic@^6.5.3:
  version "6.5.3"
  resolved "https://registry.yarnpkg.com/elliptic/-/elliptic-6.5.3.tgz#cb59eb2efdaf73a0bd78ccd7015a62ad6e0f93d6"
  integrity sha512-IMqzv5wNQf+E6aHeIqATs0tOLeOTwj1QKbRcS3jBbYkl5oLAserA8yJTT7/VyHUYG91PRmPyeQDObKLPpeS4dw==
  dependencies:
    bn.js "^4.4.0"
    brorand "^1.0.1"
    hash.js "^1.0.0"
    hmac-drbg "^1.0.0"
    inherits "^2.0.1"
    minimalistic-assert "^1.0.0"
    minimalistic-crypto-utils "^1.0.0"

hash.js@^1.0.0, hash.js@^1.0.3:
  version "1.1.7"
  resolved "https://registry.yarnpkg.com/hash.js/-/hash.js-1.1.7.tgz#0babca538e8d4ee4a0f8988d68866537a003cf42"
  integrity sha512-taOaskGt4z4SOANNseOviYDvjEJinIkRgmp7LbKP2YTTmVxWBl87s/uzK9r+44BclBSp2X7K1hqeNfz9JbBeXA==
  dependencies:
    inherits "^2.0.3"
    minimalistic-assert "^1.0.1"

hmac-drbg@^1.0.0:
  version "1.0.1"
  resolved "https://registry.yarnpkg.com/hmac-drbg/-/hmac-drbg-1.0.1.tgz#d2745701025a6c775a6c545793ed502fc0c649a1"
  integrity sha1-0nRXAQJabHdabFRXk+1QL8DGSaE=
  dependencies:
    hash.js "^1.0.3"
    minimalistic-assert "^1.0.0"
    minimalistic-crypto-utils "^1.0.1"

ieee754@^1.1.4:
  version "1.2.1"
  resolved "https://registry.yarnpkg.com/ieee754/-/ieee754-1.2.1.tgz#8eb7a10a63fff25d15a57b001586d177d1b0d352"
  integrity sha512-dcyqhDvX1C46lXZcVqCpK+FtMRQVdIMN6/Df5js2zouUsqG7I6sFxitIC+7KYK29KdXOLHdu9zL4sFnoVQnqaA==

immutable@^4.0.0-rc.12:
  version "4.0.0-rc.12"
  resolved "https://registry.yarnpkg.com/immutable/-/immutable-4.0.0-rc.12.tgz#ca59a7e4c19ae8d9bf74a97bdf0f6e2f2a5d0217"
  integrity sha512-0M2XxkZLx/mi3t8NVwIm1g8nHoEmM9p9UBl/G9k4+hm0kBgOVdMV/B3CY5dQ8qG8qc80NN4gDV4HQv6FTJ5q7A==

inherits@^2.0.1, inherits@^2.0.3:
  version "2.0.4"
  resolved "https://registry.yarnpkg.com/inherits/-/inherits-2.0.4.tgz#0fa2c64f932917c3433a0ded55363aae37416b7c"
  integrity sha512-k/vGaX4/Yla3WzyMCvTQOXYeIHvqOKtnqBduzTHpzpQZzAskKMhZ2K+EnBiSM9zGSoIFeMpXKxa4dYeZIQqewQ==

js-xxhash@^1.0.4:
  version "1.0.4"
  resolved "https://registry.yarnpkg.com/js-xxhash/-/js-xxhash-1.0.4.tgz#ce465d8a5c038167a07aa35a855c0bd792fe8e06"
  integrity sha512-S/6Oo7ruxx5k8m4qlMnbpwQdJjRsvvfcIhIk1dA9c5y5GNhYHKYKu9krEK3QgBax6CxJuf4gRL2opgLkdzWIKg==

jsbi@^3.1.2:
  version "3.1.4"
  resolved "https://registry.yarnpkg.com/jsbi/-/jsbi-3.1.4.tgz#9654dd02207a66a4911b4e4bb74265bc2cbc9dd0"
  integrity sha512-52QRRFSsi9impURE8ZUbzAMCLjPm4THO7H2fcuIvaaeFTbSysvkodbQQXIVsNgq/ypDbq6dJiuGKL0vZ/i9hUg==

minimalistic-assert@^1.0.0, minimalistic-assert@^1.0.1:
  version "1.0.1"
  resolved "https://registry.yarnpkg.com/minimalistic-assert/-/minimalistic-assert-1.0.1.tgz#2e194de044626d4a10e7f7fbc00ce73e83e4d5c7"
  integrity sha512-UtJcAD4yEaGtjPezWuO9wC4nwUnVH/8/Im3yEHQP4b67cXlD/Qr9hdITCU1xDbSEXg2XKNaP8jsReV7vQd00/A==

minimalistic-crypto-utils@^1.0.0, minimalistic-crypto-utils@^1.0.1:
  version "1.0.1"
  resolved "https://registry.yarnpkg.com/minimalistic-crypto-utils/-/minimalistic-crypto-utils-1.0.1.tgz#f6c00c1c0b082246e5c4d99dfb8c7c083b2b582a"
  integrity sha1-9sAMHAsIIkblxNmd+4x8CDsrWCo=

nanoassert@^1.0.0:
  version "1.1.0"
  resolved "https://registry.yarnpkg.com/nanoassert/-/nanoassert-1.1.0.tgz#4f3152e09540fde28c76f44b19bbcd1d5a42478d"
  integrity sha1-TzFS4JVA/eKMdvRLGbvNHVpCR40=

node-fetch@2.6.1:
  version "2.6.1"
  resolved "https://registry.yarnpkg.com/node-fetch/-/node-fetch-2.6.1.tgz#045bd323631f76ed2e2b55573394416b639a0052"
  integrity sha512-V4aYg89jEoVRxRb2fJdAg8FHvI7cEyYdVAh94HH0UIK8oJxUfkjlDQN9RbMx+bEjP7+ggMiFRprSti032Oipxw==

sha3@^2.1.3:
  version "2.1.3"
  resolved "https://registry.yarnpkg.com/sha3/-/sha3-2.1.3.tgz#ab05b841b2bce347765db31f57fe2a3134b9fb48"
  integrity sha512-Io53D4o9qOmf3Ow9p/DoGLQiQHhtuR0ulbyambvRSG+OX5yXExk2yYfvjHtb7AtOyk6K6+sPeK/qaowWc/E/GA==
  dependencies:
    buffer "5.6.0"

uuid@^8.3.0:
  version "8.3.1"
  resolved "https://registry.yarnpkg.com/uuid/-/uuid-8.3.1.tgz#2ba2e6ca000da60fce5a196954ab241131e05a31"
  integrity sha512-FOmRr+FmWEIG8uhZv6C2bTgEVXsHk08kE7mPlrBbEe+c3r9pjceVPgupIfNIhc4yx55H69OXANrUaSuu9eInKg==
